
Microsoft Visual Studio Solution File, Format Version 12.00
# Visual Studio Version 17
VisualStudioVersion = 17.13.35806.99 d17.13
MinimumVisualStudioVersion = 10.0.40219.1
Project("{FAE04EC0-301F-11D3-BF4B-00C04F79EFBC}") = "TP 2 C#", "TP 2 C#.csproj", "{D28E2A8A-8632-4048-B52A-08EB5B5FF000}"
EndProject
Global
	GlobalSection(SolutionConfigurationPlatforms) = preSolution
		Debug|Any CPU = Debug|Any CPU
		Release|Any CPU = Release|Any CPU
	EndGlobalSection
	GlobalSection(ProjectConfigurationPlatforms) = postSolution
		{D28E2A8A-8632-4048-B52A-08EB5B5FF000}.Debug|Any CPU.ActiveCfg = Debug|Any CPU
		{D28E2A8A-8632-4048-B52A-08EB5B5FF000}.Debug|Any CPU.Build.0 = Debug|Any CPU
		{D28E2A8A-8632-4048-B52A-08EB5B5FF000}.Release|Any CPU.ActiveCfg = Release|Any CPU
		{D28E2A8A-8632-4048-B52A-08EB5B5FF000}.Release|Any CPU.Build.0 = Release|Any CPU
	EndGlobalSection
	GlobalSection(SolutionProperties) = preSolution
		HideSolutionNode = FALSE
	EndGlobalSection
	GlobalSection(ExtensibilityGlobals) = postSolution
		SolutionGuid = {84FCC20A-A773-493A-B584-0C4274476983}
	EndGlobalSection
EndGlobal
